uuid: 83461453-843f-4106-97a2-c2b96e99d997
langcode: fr
status: true
dependencies:
  module:
    - module_salah
  theme:
    - bartik
id: examplesalahblock
theme: bartik
region: content
weight: -2
provider: null
plugin: module_salah_salah
settings:
  id: module_salah_salah
  label: 'Example Héro block'
  label_display: visible
  provider: module_salah
visibility: {  }
