uuid: c8726b0d-2e22-4fa8-8a1d-286ae083310f
langcode: fr
status: true
dependencies:
  module:
    - module_salah
  theme:
    - panache
id: exampleheroblock
theme: panache
region: content
weight: 0
provider: null
plugin: module_salah_salah
settings:
  id: module_salah_salah
  label: 'Example Héro block'
  label_display: visible
  provider: module_salah
visibility: {  }
